// !$*UTF8*$!
{
	archiveVersion = 1;
	classes = {
	};
	objectVersion = 56;
	objects = {

/* Begin PBXBuildFile section */
		2653EA1D2D31A3FE0017082B /* AppDelegate.swift in Sources */ = {isa = PBXBuildFile; fileRef = 2653EA1C2D31A3FE0017082B /* AppDelegate.swift */; };
		2653EA1F2D31A3FE0017082B /* SceneDelegate.swift in Sources */ = {isa = PBXBuildFile; fileRef = 2653EA1E2D31A3FE0017082B /* SceneDelegate.swift */; };
		2653EA242D31A3FE0017082B /* Main.storyboard in Resources */ = {isa = PBXBuildFile; fileRef = 2653EA222D31A3FE0017082B /* Main.storyboard */; };
		2653EA262D31A4000017082B /* Assets.xcassets in Resources */ = {isa = PBXBuildFile; fileRef = 2653EA252D31A4000017082B /* Assets.xcassets */; };
		2653EA292D31A4000017082B /* LaunchScreen.storyboard in Resources */ = {isa = PBXBuildFile; fileRef = 2653EA272D31A4000017082B /* LaunchScreen.storyboard */; };
		2653EA342D31A4010017082B /* WeatherAppTests.swift in Sources */ = {isa = PBXBuildFile; fileRef = 2653EA332D31A4010017082B /* WeatherAppTests.swift */; };
		2653EA3E2D31A4010017082B /* WeatherAppUITests.swift in Sources */ = {isa = PBXBuildFile; fileRef = 2653EA3D2D31A4010017082B /* WeatherAppUITests.swift */; };
		2653EA402D31A4010017082B /* WeatherAppUITestsLaunchTests.swift in Sources */ = {isa = PBXBuildFile; fileRef = 2653EA3F2D31A4010017082B /* WeatherAppUITestsLaunchTests.swift */; };
		2653EA512D31A4870017082B /* WeatherViewModel.swift in Sources */ = {isa = PBXBuildFile; fileRef = 2653EA502D31A4870017082B /* WeatherViewModel.swift */; };
		2653EA592D31B1780017082B /* BackgroundManager.swift in Sources */ = {isa = PBXBuildFile; fileRef = 2653EA582D31B1780017082B /* BackgroundManager.swift */; };
		2653EA5D2D31BBE50017082B /* ViewController.swift in Sources */ = {isa = PBXBuildFile; fileRef = 2653EA5C2D31BBE50017082B /* ViewController.swift */; };
		26ABAE782D3866A100FE42FA /* WeatherEntity.swift in Sources */ = {isa = PBXBuildFile; fileRef = 26ABAE772D38669D00FE42FA /* WeatherEntity.swift */; };
		26ABAE7A2D3866EF00FE42FA /* WeatherRepository.swift in Sources */ = {isa = PBXBuildFile; fileRef = 26ABAE792D3866DA00FE42FA /* WeatherRepository.swift */; };
		26ABAE7D2D38673E00FE42FA /* NetworkResponseModel.swift in Sources */ = {isa = PBXBuildFile; fileRef = 26ABAE7C2D38673700FE42FA /* NetworkResponseModel.swift */; };
		26ABAE7F2D38680900FE42FA /* NetworkService.swift in Sources */ = {isa = PBXBuildFile; fileRef = 26ABAE7E2D3867F800FE42FA /* NetworkService.swift */; };
		26ABAE812D3868F700FE42FA /* FetchWeatherUseCase.swift in Sources */ = {isa = PBXBuildFile; fileRef = 26ABAE802D3868EE00FE42FA /* FetchWeatherUseCase.swift */; };
		26ABAE832D3EB3F100FE42FA /* WeatherMapper.swift in Sources */ = {isa = PBXBuildFile; fileRef = 26ABAE822D3EB3E900FE42FA /* WeatherMapper.swift */; };
		26ABAE862D3EB4C100FE42FA /* UIImageViewExtension.swift in Sources */ = {isa = PBXBuildFile; fileRef = 26ABAE852D3EB4A900FE42FA /* UIImageViewExtension.swift */; };
		26ABAE882D3FD6D500FE42FA /* WeatherViewModelProtocol.swift in Sources */ = {isa = PBXBuildFile; fileRef = 26ABAE872D3FD6C200FE42FA /* WeatherViewModelProtocol.swift */; };
		26ABAE8E2D4034FF00FE42FA /* WeatherView.xib in Resources */ = {isa = PBXBuildFile; fileRef = 26ABAE8D2D4034FF00FE42FA /* WeatherView.xib */; };
/* End PBXBuildFile section */

/* Begin PBXContainerItemProxy section */
		2653EA302D31A4010017082B /* PBXContainerItemProxy */ = {
			isa = PBXContainerItemProxy;
			containerPortal = 2653EA112D31A3FE0017082B /* Project object */;
			proxyType = 1;
			remoteGlobalIDString = 2653EA182D31A3FE0017082B;
			remoteInfo = WeatherApp;
		};
		2653EA3A2D31A4010017082B /* PBXContainerItemProxy */ = {
			isa = PBXContainerItemProxy;
			containerPortal = 2653EA112D31A3FE0017082B /* Project object */;
			proxyType = 1;
			remoteGlobalIDString = 2653EA182D31A3FE0017082B;
			remoteInfo = WeatherApp;
		};
/* End PBXContainerItemProxy section */

/* Begin PBXFileReference section */
		2653EA192D31A3FE0017082B /* WeatherApp.app */ = {isa = PBXFileReference; explicitFileType = wrapper.application; includeInIndex = 0; path = WeatherApp.app; sourceTree = BUILT_PRODUCTS_DIR; };
		2653EA1C2D31A3FE0017082B /* AppDelegate.swift */ = {isa = PBXFileReference; lastKnownFileType = sourcecode.swift; path = AppDelegate.swift; sourceTree = "<group>"; };
		2653EA1E2D31A3FE0017082B /* SceneDelegate.swift */ = {isa = PBXFileReference; lastKnownFileType = sourcecode.swift; path = SceneDelegate.swift; sourceTree = "<group>"; };
		2653EA232D31A3FE0017082B /* Base */ = {isa = PBXFileReference; lastKnownFileType = file.storyboard; name = Base; path = Base.lproj/Main.storyboard; sourceTree = "<group>"; };
		2653EA252D31A4000017082B /* Assets.xcassets */ = {isa = PBXFileReference; lastKnownFileType = folder.assetcatalog; path = Assets.xcassets; sourceTree = "<group>"; };
		2653EA282D31A4000017082B /* Base */ = {isa = PBXFileReference; lastKnownFileType = file.storyboard; name = Base; path = Base.lproj/LaunchScreen.storyboard; sourceTree = "<group>"; };
		2653EA2A2D31A4000017082B /* Info.plist */ = {isa = PBXFileReference; lastKnownFileType = text.plist.xml; path = Info.plist; sourceTree = "<group>"; };
		2653EA2F2D31A4010017082B /* WeatherAppTests.xctest */ = {isa = PBXFileReference; explicitFileType = wrapper.cfbundle; includeInIndex = 0; path = WeatherAppTests.xctest; sourceTree = BUILT_PRODUCTS_DIR; };
		2653EA332D31A4010017082B /* WeatherAppTests.swift */ = {isa = PBXFileReference; lastKnownFileType = sourcecode.swift; path = WeatherAppTests.swift; sourceTree = "<group>"; };
		2653EA392D31A4010017082B /* WeatherAppUITests.xctest */ = {isa = PBXFileReference; explicitFileType = wrapper.cfbundle; includeInIndex = 0; path = WeatherAppUITests.xctest; sourceTree = BUILT_PRODUCTS_DIR; };
		2653EA3D2D31A4010017082B /* WeatherAppUITests.swift */ = {isa = PBXFileReference; lastKnownFileType = sourcecode.swift; path = WeatherAppUITests.swift; sourceTree = "<group>"; };
		2653EA3F2D31A4010017082B /* WeatherAppUITestsLaunchTests.swift */ = {isa = PBXFileReference; lastKnownFileType = sourcecode.swift; path = WeatherAppUITestsLaunchTests.swift; sourceTree = "<group>"; };
		2653EA502D31A4870017082B /* WeatherViewModel.swift */ = {isa = PBXFileReference; lastKnownFileType = sourcecode.swift; path = WeatherViewModel.swift; sourceTree = "<group>"; };
		2653EA582D31B1780017082B /* BackgroundManager.swift */ = {isa = PBXFileReference; lastKnownFileType = sourcecode.swift; path = BackgroundManager.swift; sourceTree = "<group>"; };
		2653EA5C2D31BBE50017082B /* ViewController.swift */ = {isa = PBXFileReference; lastKnownFileType = sourcecode.swift; path = ViewController.swift; sourceTree = "<group>"; };
		26ABAE772D38669D00FE42FA /* WeatherEntity.swift */ = {isa = PBXFileReference; lastKnownFileType = sourcecode.swift; path = WeatherEntity.swift; sourceTree = "<group>"; };
		26ABAE792D3866DA00FE42FA /* WeatherRepository.swift */ = {isa = PBXFileReference; lastKnownFileType = sourcecode.swift; path = WeatherRepository.swift; sourceTree = "<group>"; };
		26ABAE7C2D38673700FE42FA /* NetworkResponseModel.swift */ = {isa = PBXFileReference; lastKnownFileType = sourcecode.swift; path = NetworkResponseModel.swift; sourceTree = "<group>"; };
		26ABAE7E2D3867F800FE42FA /* NetworkService.swift */ = {isa = PBXFileReference; lastKnownFileType = sourcecode.swift; path = NetworkService.swift; sourceTree = "<group>"; };
		26ABAE802D3868EE00FE42FA /* FetchWeatherUseCase.swift */ = {isa = PBXFileReference; lastKnownFileType = sourcecode.swift; path = FetchWeatherUseCase.swift; sourceTree = "<group>"; };
		26ABAE822D3EB3E900FE42FA /* WeatherMapper.swift */ = {isa = PBXFileReference; lastKnownFileType = sourcecode.swift; path = WeatherMapper.swift; sourceTree = "<group>"; };
		26ABAE852D3EB4A900FE42FA /* UIImageViewExtension.swift */ = {isa = PBXFileReference; lastKnownFileType = sourcecode.swift; path = UIImageViewExtension.swift; sourceTree = "<group>"; };
		26ABAE872D3FD6C200FE42FA /* WeatherViewModelProtocol.swift */ = {isa = PBXFileReference; lastKnownFileType = sourcecode.swift; path = WeatherViewModelProtocol.swift; sourceTree = "<group>"; };
		26ABAE8D2D4034FF00FE42FA /* WeatherView.xib */ = {isa = PBXFileReference; lastKnownFileType = file.xib; path = WeatherView.xib; sourceTree = "<group>"; };
/* End PBXFileReference section */

/* Begin PBXFrameworksBuildPhase section */
		2653EA162D31A3FE0017082B /* Frameworks */ = {
			isa = PBXFrameworksBuildPhase;
			buildActionMask = 2147483647;
			files = (
			);
			runOnlyForDeploymentPostprocessing = 0;
		};
		2653EA2C2D31A4010017082B /* Frameworks */ = {
			isa = PBXFrameworksBuildPhase;
			buildActionMask = 2147483647;
			files = (
			);
			runOnlyForDeploymentPostprocessing = 0;
		};
		2653EA362D31A4010017082B /* Frameworks */ = {
			isa = PBXFrameworksBuildPhase;
			buildActionMask = 2147483647;
			files = (
			);
			runOnlyForDeploymentPostprocessing = 0;
		};
/* End PBXFrameworksBuildPhase section */

/* Begin PBXGroup section */
		2653EA102D31A3FE0017082B = {
			isa = PBXGroup;
			children = (
				2653EA1B2D31A3FE0017082B /* WeatherApp */,
				2653EA322D31A4010017082B /* WeatherAppTests */,
				2653EA3C2D31A4010017082B /* WeatherAppUITests */,
				2653EA1A2D31A3FE0017082B /* Products */,
			);
			sourceTree = "<group>";
		};
		2653EA1A2D31A3FE0017082B /* Products */ = {
			isa = PBXGroup;
			children = (
				2653EA192D31A3FE0017082B /* WeatherApp.app */,
				2653EA2F2D31A4010017082B /* WeatherAppTests.xctest */,
				2653EA392D31A4010017082B /* WeatherAppUITests.xctest */,
			);
			name = Products;
			sourceTree = "<group>";
		};
		2653EA1B2D31A3FE0017082B /* WeatherApp */ = {
			isa = PBXGroup;
			children = (
				26ABAE842D3EB48900FE42FA /* Extensions */,
				2653EA4C2D31A4090017082B /* Services */,
				26ABAE6E2D381E3500FE42FA /* Domain */,
				26ABAE6F2D381E3C00FE42FA /* Presentation */,
				26ABAE702D381E5000FE42FA /* Data */,
				2653EA1C2D31A3FE0017082B /* AppDelegate.swift */,
				2653EA1E2D31A3FE0017082B /* SceneDelegate.swift */,
				2653EA222D31A3FE0017082B /* Main.storyboard */,
				2653EA272D31A4000017082B /* LaunchScreen.storyboard */,
				2653EA252D31A4000017082B /* Assets.xcassets */,
				2653EA2A2D31A4000017082B /* Info.plist */,
			);
			path = WeatherApp;
			sourceTree = "<group>";
		};
		2653EA322D31A4010017082B /* WeatherAppTests */ = {
			isa = PBXGroup;
			children = (
				2653EA332D31A4010017082B /* WeatherAppTests.swift */,
			);
			path = WeatherAppTests;
			sourceTree = "<group>";
		};
		2653EA3C2D31A4010017082B /* WeatherAppUITests */ = {
			isa = PBXGroup;
			children = (
				2653EA3D2D31A4010017082B /* WeatherAppUITests.swift */,
				2653EA3F2D31A4010017082B /* WeatherAppUITestsLaunchTests.swift */,
			);
			path = WeatherAppUITests;
			sourceTree = "<group>";
		};
		2653EA4C2D31A4090017082B /* Services */ = {
			isa = PBXGroup;
			children = (
				2653EA552D31A4F40017082B /* Local */,
			);
			path = Services;
			sourceTree = "<group>";
		};
		2653EA4D2D31A4120017082B /* View */ = {
			isa = PBXGroup;
			children = (
				2653EA5C2D31BBE50017082B /* ViewController.swift */,
				26ABAE8D2D4034FF00FE42FA /* WeatherView.xib */,
			);
			path = View;
			sourceTree = "<group>";
		};
		2653EA4E2D31A4180017082B /* View Model */ = {
			isa = PBXGroup;
			children = (
				26ABAE872D3FD6C200FE42FA /* WeatherViewModelProtocol.swift */,
				2653EA502D31A4870017082B /* WeatherViewModel.swift */,
			);
			path = "View Model";
			sourceTree = "<group>";
		};
		2653EA552D31A4F40017082B /* Local */ = {
			isa = PBXGroup;
			children = (
				2653EA582D31B1780017082B /* BackgroundManager.swift */,
			);
			path = Local;
			sourceTree = "<group>";
		};
		26ABAE6E2D381E3500FE42FA /* Domain */ = {
			isa = PBXGroup;
			children = (
				26ABAE8B2D3FDE1A00FE42FA /* Mappers */,
				26ABAE712D3863C600FE42FA /* Entities */,
				26ABAE722D3863D100FE42FA /* UseCases */,
				26ABAE732D3863EA00FE42FA /* Interfaces */,
			);
			path = Domain;
			sourceTree = "<group>";
		};
		26ABAE6F2D381E3C00FE42FA /* Presentation */ = {
			isa = PBXGroup;
			children = (
				26ABAE742D3864C900FE42FA /* WeatherScene */,
			);
			path = Presentation;
			sourceTree = "<group>";
		};
		26ABAE702D381E5000FE42FA /* Data */ = {
			isa = PBXGroup;
			children = (
				26ABAE7B2D38671F00FE42FA /* Network */,
			);
			path = Data;
			sourceTree = "<group>";
		};
		26ABAE712D3863C600FE42FA /* Entities */ = {
			isa = PBXGroup;
			children = (
				26ABAE772D38669D00FE42FA /* WeatherEntity.swift */,
			);
			path = Entities;
			sourceTree = "<group>";
		};
		26ABAE722D3863D100FE42FA /* UseCases */ = {
			isa = PBXGroup;
			children = (
				26ABAE802D3868EE00FE42FA /* FetchWeatherUseCase.swift */,
			);
			path = UseCases;
			sourceTree = "<group>";
		};
		26ABAE732D3863EA00FE42FA /* Interfaces */ = {
			isa = PBXGroup;
			children = (
				26ABAE792D3866DA00FE42FA /* WeatherRepository.swift */,
			);
			path = Interfaces;
			sourceTree = "<group>";
		};
		26ABAE742D3864C900FE42FA /* WeatherScene */ = {
			isa = PBXGroup;
			children = (
				2653EA4E2D31A4180017082B /* View Model */,
				2653EA4D2D31A4120017082B /* View */,
			);
			path = WeatherScene;
			sourceTree = "<group>";
		};
		26ABAE7B2D38671F00FE42FA /* Network */ = {
			isa = PBXGroup;
			children = (
				26ABAE7E2D3867F800FE42FA /* NetworkService.swift */,
				26ABAE7C2D38673700FE42FA /* NetworkResponseModel.swift */,
			);
			path = Network;
			sourceTree = "<group>";
		};
		26ABAE842D3EB48900FE42FA /* Extensions */ = {
			isa = PBXGroup;
			children = (
				26ABAE852D3EB4A900FE42FA /* UIImageViewExtension.swift */,
			);
			path = Extensions;
			sourceTree = "<group>";
		};
		26ABAE8B2D3FDE1A00FE42FA /* Mappers */ = {
			isa = PBXGroup;
			children = (
				26ABAE822D3EB3E900FE42FA /* WeatherMapper.swift */,
			);
			path = Mappers;
			sourceTree = "<group>";
		};
/* End PBXGroup section */

/* Begin PBXNativeTarget section */
		2653EA182D31A3FE0017082B /* WeatherApp */ = {
			isa = PBXNativeTarget;
			buildConfigurationList = 2653EA432D31A4010017082B /* Build configuration list for PBXNativeTarget "WeatherApp" */;
			buildPhases = (
				2653EA152D31A3FE0017082B /* Sources */,
				2653EA162D31A3FE0017082B /* Frameworks */,
				2653EA172D31A3FE0017082B /* Resources */,
			);
			buildRules = (
			);
			dependencies = (
			);
			name = WeatherApp;
			productName = WeatherApp;
			productReference = 2653EA192D31A3FE0017082B /* WeatherApp.app */;
			productType = "com.apple.product-type.application";
		};
		2653EA2E2D31A4010017082B /* WeatherAppTests */ = {
			isa = PBXNativeTarget;
			buildConfigurationList = 2653EA462D31A4010017082B /* Build configuration list for PBXNativeTarget "WeatherAppTests" */;
			buildPhases = (
				2653EA2B2D31A4010017082B /* Sources */,
				2653EA2C2D31A4010017082B /* Frameworks */,
				2653EA2D2D31A4010017082B /* Resources */,
			);
			buildRules = (
			);
			dependencies = (
				2653EA312D31A4010017082B /* PBXTargetDependency */,
			);
			name = WeatherAppTests;
			productName = WeatherAppTests;
			productReference = 2653EA2F2D31A4010017082B /* WeatherAppTests.xctest */;
			productType = "com.apple.product-type.bundle.unit-test";
		};
		2653EA382D31A4010017082B /* WeatherAppUITests */ = {
			isa = PBXNativeTarget;
			buildConfigurationList = 2653EA492D31A4010017082B /* Build configuration list for PBXNativeTarget "WeatherAppUITests" */;
			buildPhases = (
				2653EA352D31A4010017082B /* Sources */,
				2653EA362D31A4010017082B /* Frameworks */,
				2653EA372D31A4010017082B /* Resources */,
			);
			buildRules = (
			);
			dependencies = (
				2653EA3B2D31A4010017082B /* PBXTargetDependency */,
			);
			name = WeatherAppUITests;
			productName = WeatherAppUITests;
			productReference = 2653EA392D31A4010017082B /* WeatherAppUITests.xctest */;
			productType = "com.apple.product-type.bundle.ui-testing";
		};
/* End PBXNativeTarget section */

/* Begin PBXProject section */
		2653EA112D31A3FE0017082B /* Project object */ = {
			isa = PBXProject;
			attributes = {
				BuildIndependentTargetsInParallel = 1;
				LastSwiftUpdateCheck = 1520;
				LastUpgradeCheck = 1520;
				TargetAttributes = {
					2653EA182D31A3FE0017082B = {
						CreatedOnToolsVersion = 15.2;
					};
					2653EA2E2D31A4010017082B = {
						CreatedOnToolsVersion = 15.2;
						TestTargetID = 2653EA182D31A3FE0017082B;
					};
					2653EA382D31A4010017082B = {
						CreatedOnToolsVersion = 15.2;
						TestTargetID = 2653EA182D31A3FE0017082B;
					};
				};
			};
			buildConfigurationList = 2653EA142D31A3FE0017082B /* Build configuration list for PBXProject "WeatherApp" */;
			compatibilityVersion = "Xcode 14.0";
			developmentRegion = en;
			hasScannedForEncodings = 0;
			knownRegions = (
				en,
				Base,
			);
			mainGroup = 2653EA102D31A3FE0017082B;
			productRefGroup = 2653EA1A2D31A3FE0017082B /* Products */;
			projectDirPath = "";
			projectRoot = "";
			targets = (
				2653EA182D31A3FE0017082B /* WeatherApp */,
				2653EA2E2D31A4010017082B /* WeatherAppTests */,
				2653EA382D31A4010017082B /* WeatherAppUITests */,
			);
		};
/* End PBXProject section */

/* Begin PBXResourcesBuildPhase section */
		2653EA172D31A3FE0017082B /* Resources */ = {
			isa = PBXResourcesBuildPhase;
			buildActionMask = 2147483647;
			files = (
				2653EA292D31A4000017082B /* LaunchScreen.storyboard in Resources */,
				2653EA262D31A4000017082B /* Assets.xcassets in Resources */,
				2653EA242D31A3FE0017082B /* Main.storyboard in Resources */,
				26ABAE8E2D4034FF00FE42FA /* WeatherView.xib in Resources */,
			);
			runOnlyForDeploymentPostprocessing = 0;
		};
		2653EA2D2D31A4010017082B /* Resources */ = {
			isa = PBXResourcesBuildPhase;
			buildActionMask = 2147483647;
			files = (
			);
			runOnlyForDeploymentPostprocessing = 0;
		};
		2653EA372D31A4010017082B /* Resources */ = {
			isa = PBXResourcesBuildPhase;
			buildActionMask = 2147483647;
			files = (
			);
			runOnlyForDeploymentPostprocessing = 0;
		};
/* End PBXResourcesBuildPhase section */

/* Begin PBXSourcesBuildPhase section */
		2653EA152D31A3FE0017082B /* Sources */ = {
			isa = PBXSourcesBuildPhase;
			buildActionMask = 2147483647;
			files = (
				26ABAE832D3EB3F100FE42FA /* WeatherMapper.swift in Sources */,
				26ABAE7F2D38680900FE42FA /* NetworkService.swift in Sources */,
				26ABAE862D3EB4C100FE42FA /* UIImageViewExtension.swift in Sources */,
				26ABAE7A2D3866EF00FE42FA /* WeatherRepository.swift in Sources */,
				26ABAE7D2D38673E00FE42FA /* NetworkResponseModel.swift in Sources */,
				26ABAE782D3866A100FE42FA /* WeatherEntity.swift in Sources */,
				2653EA592D31B1780017082B /* BackgroundManager.swift in Sources */,
				26ABAE812D3868F700FE42FA /* FetchWeatherUseCase.swift in Sources */,
				2653EA512D31A4870017082B /* WeatherViewModel.swift in Sources */,
				2653EA1D2D31A3FE0017082B /* AppDelegate.swift in Sources */,
				2653EA5D2D31BBE50017082B /* ViewController.swift in Sources */,
				2653EA1F2D31A3FE0017082B /* SceneDelegate.swift in Sources */,
				26ABAE882D3FD6D500FE42FA /* WeatherViewModelProtocol.swift in Sources */,
			);
			runOnlyForDeploymentPostprocessing = 0;
		};
		2653EA2B2D31A4010017082B /* Sources */ = {
			isa = PBXSourcesBuildPhase;
			buildActionMask = 2147483647;
			files = (
				2653EA342D31A4010017082B /* WeatherAppTests.swift in Sources */,
			);
			runOnlyForDeploymentPostprocessing = 0;
		};
		2653EA352D31A4010017082B /* Sources */ = {
			isa = PBXSourcesBuildPhase;
			buildActionMask = 2147483647;
			files = (
				2653EA3E2D31A4010017082B /* WeatherAppUITests.swift in Sources */,
				2653EA402D31A4010017082B /* WeatherAppUITestsLaunchTests.swift in Sources */,
			);
			runOnlyForDeploymentPostprocessing = 0;
		};
/* End PBXSourcesBuildPhase section */

/* Begin PBXTargetDependency section */
		2653EA312D31A4010017082B /* PBXTargetDependency */ = {
			isa = PBXTargetDependency;
			target = 2653EA182D31A3FE0017082B /* WeatherApp */;
			targetProxy = 2653EA302D31A4010017082B /* PBXContainerItemProxy */;
		};
		2653EA3B2D31A4010017082B /* PBXTargetDependency */ = {
			isa = PBXTargetDependency;
			target = 2653EA182D31A3FE0017082B /* WeatherApp */;
			targetProxy = 2653EA3A2D31A4010017082B /* PBXContainerItemProxy */;
		};
/* End PBXTargetDependency section */

/* Begin PBXVariantGroup section */
		2653EA222D31A3FE0017082B /* Main.storyboard */ = {
			isa = PBXVariantGroup;
			children = (
				2653EA232D31A3FE0017082B /* Base */,
			);
			name = Main.storyboard;
			sourceTree = "<group>";
		};
		2653EA272D31A4000017082B /* LaunchScreen.storyboard */ = {
			isa = PBXVariantGroup;
			children = (
				2653EA282D31A4000017082B /* Base */,
			);
			name = LaunchScreen.storyboard;
			sourceTree = "<group>";
		};
/* End PBXVariantGroup section */

/* Begin XCBuildConfiguration section */
		2653EA412D31A4010017082B /* Debug */ = {
			isa = XCBuildConfiguration;
			buildSettings = {
				ALWAYS_SEARCH_USER_PATHS = NO;
				ASSETCATALOG_COMPILER_GENERATE_SWIFT_ASSET_SYMBOL_EXTENSIONS = YES;
				CLANG_ANALYZER_NONNULL = YES;
				CLANG_ANALYZER_NUMBER_OBJECT_CONVERSION = YES_AGGRESSIVE;
				CLANG_CXX_LANGUAGE_STANDARD = "gnu++20";
				CLANG_ENABLE_MODULES = YES;
				CLANG_ENABLE_OBJC_ARC = YES;
				CLANG_ENABLE_OBJC_WEAK = YES;
				CLANG_WARN_BLOCK_CAPTURE_AUTORELEASING = YES;
				CLANG_WARN_BOOL_CONVERSION = YES;
				CLANG_WARN_COMMA = YES;
				CLANG_WARN_CONSTANT_CONVERSION = YES;
				CLANG_WARN_DEPRECATED_OBJC_IMPLEMENTATIONS = YES;
				CLANG_WARN_DIRECT_OBJC_ISA_USAGE = YES_ERROR;
				CLANG_WARN_DOCUMENTATION_COMMENTS = YES;
				CLANG_WARN_EMPTY_BODY = YES;
				CLANG_WARN_ENUM_CONVERSION = YES;
				CLANG_WARN_INFINITE_RECURSION = YES;
				CLANG_WARN_INT_CONVERSION = YES;
				CLANG_WARN_NON_LITERAL_NULL_CONVERSION = YES;
				CLANG_WARN_OBJC_IMPLICIT_RETAIN_SELF = YES;
				CLANG_WARN_OBJC_LITERAL_CONVERSION = YES;
				CLANG_WARN_OBJC_ROOT_CLASS = YES_ERROR;
				CLANG_WARN_QUOTED_INCLUDE_IN_FRAMEWORK_HEADER = YES;
				CLANG_WARN_RANGE_LOOP_ANALYSIS = YES;
				CLANG_WARN_STRICT_PROTOTYPES = YES;
				CLANG_WARN_SUSPICIOUS_MOVE = YES;
				CLANG_WARN_UNGUARDED_AVAILABILITY = YES_AGGRESSIVE;
				CLANG_WARN_UNREACHABLE_CODE = YES;
				CLANG_WARN__DUPLICATE_METHOD_MATCH = YES;
				COPY_PHASE_STRIP = NO;
				DEBUG_INFORMATION_FORMAT = dwarf;
				ENABLE_STRICT_OBJC_MSGSEND = YES;
				ENABLE_TESTABILITY = YES;
				ENABLE_USER_SCRIPT_SANDBOXING = YES;
				GCC_C_LANGUAGE_STANDARD = gnu17;
				GCC_DYNAMIC_NO_PIC = NO;
				GCC_NO_COMMON_BLOCKS = YES;
				GCC_OPTIMIZATION_LEVEL = 0;
				GCC_PREPROCESSOR_DEFINITIONS = (
					"DEBUG=1",
					"$(inherited)",
				);
				GCC_WARN_64_TO_32_BIT_CONVERSION = YES;
				GCC_WARN_ABOUT_RETURN_TYPE = YES_ERROR;
				GCC_WARN_UNDECLARED_SELECTOR = YES;
				GCC_WARN_UNINITIALIZED_AUTOS = YES_AGGRESSIVE;
				GCC_WARN_UNUSED_FUNCTION = YES;
				GCC_WARN_UNUSED_VARIABLE = YES;
				IPHONEOS_DEPLOYMENT_TARGET = 17.2;
				LOCALIZATION_PREFERS_STRING_CATALOGS = YES;
				MTL_ENABLE_DEBUG_INFO = INCLUDE_SOURCE;
				MTL_FAST_MATH = YES;
				ONLY_ACTIVE_ARCH = YES;
				SDKROOT = iphoneos;
				SWIFT_ACTIVE_COMPILATION_CONDITIONS = "DEBUG $(inherited)";
				SWIFT_OPTIMIZATION_LEVEL = "-Onone";
			};
			name = Debug;
		};
		2653EA422D31A4010017082B /* Release */ = {
			isa = XCBuildConfiguration;
			buildSettings = {
				ALWAYS_SEARCH_USER_PATHS = NO;
				ASSETCATALOG_COMPILER_GENERATE_SWIFT_ASSET_SYMBOL_EXTENSIONS = YES;
				CLANG_ANALYZER_NONNULL = YES;
				CLANG_ANALYZER_NUMBER_OBJECT_CONVERSION = YES_AGGRESSIVE;
				CLANG_CXX_LANGUAGE_STANDARD = "gnu++20";
				CLANG_ENABLE_MODULES = YES;
				CLANG_ENABLE_OBJC_ARC = YES;
				CLANG_ENABLE_OBJC_WEAK = YES;
				CLANG_WARN_BLOCK_CAPTURE_AUTORELEASING = YES;
				CLANG_WARN_BOOL_CONVERSION = YES;
				CLANG_WARN_COMMA = YES;
				CLANG_WARN_CONSTANT_CONVERSION = YES;
				CLANG_WARN_DEPRECATED_OBJC_IMPLEMENTATIONS = YES;
				CLANG_WARN_DIRECT_OBJC_ISA_USAGE = YES_ERROR;
				CLANG_WARN_DOCUMENTATION_COMMENTS = YES;
				CLANG_WARN_EMPTY_BODY = YES;
				CLANG_WARN_ENUM_CONVERSION = YES;
				CLANG_WARN_INFINITE_RECURSION = YES;
				CLANG_WARN_INT_CONVERSION = YES;
				CLANG_WARN_NON_LITERAL_NULL_CONVERSION = YES;
				CLANG_WARN_OBJC_IMPLICIT_RETAIN_SELF = YES;
				CLANG_WARN_OBJC_LITERAL_CONVERSION = YES;
				CLANG_WARN_OBJC_ROOT_CLASS = YES_ERROR;
				CLANG_WARN_QUOTED_INCLUDE_IN_FRAMEWORK_HEADER = YES;
				CLANG_WARN_RANGE_LOOP_ANALYSIS = YES;
				CLANG_WARN_STRICT_PROTOTYPES = YES;
				CLANG_WARN_SUSPICIOUS_MOVE = YES;
				CLANG_WARN_UNGUARDED_AVAILABILITY = YES_AGGRESSIVE;
				CLANG_WARN_UNREACHABLE_CODE = YES;
				CLANG_WARN__DUPLICATE_METHOD_MATCH = YES;
				COPY_PHASE_STRIP = NO;
				DEBUG_INFORMATION_FORMAT = "dwarf-with-dsym";
				ENABLE_NS_ASSERTIONS = NO;
				ENABLE_STRICT_OBJC_MSGSEND = YES;
				ENABLE_USER_SCRIPT_SANDBOXING = YES;
				GCC_C_LANGUAGE_STANDARD = gnu17;
				GCC_NO_COMMON_BLOCKS = YES;
				GCC_WARN_64_TO_32_BIT_CONVERSION = YES;
				GCC_WARN_ABOUT_RETURN_TYPE = YES_ERROR;
				GCC_WARN_UNDECLARED_SELECTOR = YES;
				GCC_WARN_UNINITIALIZED_AUTOS = YES_AGGRESSIVE;
				GCC_WARN_UNUSED_FUNCTION = YES;
				GCC_WARN_UNUSED_VARIABLE = YES;
				IPHONEOS_DEPLOYMENT_TARGET = 17.2;
				LOCALIZATION_PREFERS_STRING_CATALOGS = YES;
				MTL_ENABLE_DEBUG_INFO = NO;
				MTL_FAST_MATH = YES;
				SDKROOT = iphoneos;
				SWIFT_COMPILATION_MODE = wholemodule;
				VALIDATE_PRODUCT = YES;
			};
			name = Release;
		};
		2653EA442D31A4010017082B /* Debug */ = {
			isa = XCBuildConfiguration;
			buildSettings = {
				ASSETCATALOG_COMPILER_APPICON_NAME = AppIcon;
				ASSETCATALOG_COMPILER_GLOBAL_ACCENT_COLOR_NAME = AccentColor;
				CODE_SIGN_STYLE = Automatic;
				CURRENT_PROJECT_VERSION = 1;
				GENERATE_INFOPLIST_FILE = YES;
				INFOPLIST_FILE = WeatherApp/Info.plist;
				INFOPLIST_KEY_UIApplicationSupportsIndirectInputEvents = YES;
				INFOPLIST_KEY_UILaunchStoryboardName = LaunchScreen;
				INFOPLIST_KEY_UIMainStoryboardFile = Main;
				INFOPLIST_KEY_UISupportedInterfaceOrientations_iPad = "UIInterfaceOrientationPortrait UIInterfaceOrientationPortraitUpsideDown UIInterfaceOrientationLandscapeLeft UIInterfaceOrientationLandscapeRight";
				INFOPLIST_KEY_UISupportedInterfaceOrientations_iPhone = "UIInterfaceOrientationPortrait UIInterfaceOrientationLandscapeLeft UIInterfaceOrientationLandscapeRight";
				LD_RUNPATH_SEARCH_PATHS = (
					"$(inherited)",
					"@executable_path/Frameworks",
				);
				MARKETING_VERSION = 1.0;
				PRODUCT_BUNDLE_IDENTIFIER = Banquemisr.WeatherApp;
				PRODUCT_NAME = "$(TARGET_NAME)";
				SWIFT_EMIT_LOC_STRINGS = YES;
				SWIFT_VERSION = 5.0;
				TARGETED_DEVICE_FAMILY = "1,2";
			};
			name = Debug;
		};
		2653EA452D31A4010017082B /* Release */ = {
			isa = XCBuildConfiguration;
			buildSettings = {
				ASSETCATALOG_COMPILER_APPICON_NAME = AppIcon;
				ASSETCATALOG_COMPILER_GLOBAL_ACCENT_COLOR_NAME = AccentColor;
				CODE_SIGN_STYLE = Automatic;
				CURRENT_PROJECT_VERSION = 1;
				GENERATE_INFOPLIST_FILE = YES;
				INFOPLIST_FILE = WeatherApp/Info.plist;
				INFOPLIST_KEY_UIApplicationSupportsIndirectInputEvents = YES;
				INFOPLIST_KEY_UILaunchStoryboardName = LaunchScreen;
				INFOPLIST_KEY_UIMainStoryboardFile = Main;
				INFOPLIST_KEY_UISupportedInterfaceOrientations_iPad = "UIInterfaceOrientationPortrait UIInterfaceOrientationPortraitUpsideDown UIInterfaceOrientationLandscapeLeft UIInterfaceOrientationLandscapeRight";
				INFOPLIST_KEY_UISupportedInterfaceOrientations_iPhone = "UIInterfaceOrientationPortrait UIInterfaceOrientationLandscapeLeft UIInterfaceOrientationLandscapeRight";
				LD_RUNPATH_SEARCH_PATHS = (
					"$(inherited)",
					"@executable_path/Frameworks",
				);
				MARKETING_VERSION = 1.0;
				PRODUCT_BUNDLE_IDENTIFIER = Banquemisr.WeatherApp;
				PRODUCT_NAME = "$(TARGET_NAME)";
				SWIFT_EMIT_LOC_STRINGS = YES;
				SWIFT_VERSION = 5.0;
				TARGETED_DEVICE_FAMILY = "1,2";
			};
			name = Release;
		};
		2653EA472D31A4010017082B /* Debug */ = {
			isa = XCBuildConfiguration;
			buildSettings = {
				ALWAYS_EMBED_SWIFT_STANDARD_LIBRARIES = YES;
				BUNDLE_LOADER = "$(TEST_HOST)";
				CODE_SIGN_STYLE = Automatic;
				CURRENT_PROJECT_VERSION = 1;
				GENERATE_INFOPLIST_FILE = YES;
				IPHONEOS_DEPLOYMENT_TARGET = 17.2;
				MARKETING_VERSION = 1.0;
				PRODUCT_BUNDLE_IDENTIFIER = Banquemisr.WeatherAppTests;
				PRODUCT_NAME = "$(TARGET_NAME)";
				SWIFT_EMIT_LOC_STRINGS = NO;
				SWIFT_VERSION = 5.0;
				TARGETED_DEVICE_FAMILY = "1,2";
				TEST_HOST = "$(BUILT_PRODUCTS_DIR)/WeatherApp.app/$(BUNDLE_EXECUTABLE_FOLDER_PATH)/WeatherApp";
			};
			name = Debug;
		};
		2653EA482D31A4010017082B /* Release */ = {
			isa = XCBuildConfiguration;
			buildSettings = {
				ALWAYS_EMBED_SWIFT_STANDARD_LIBRARIES = YES;
				BUNDLE_LOADER = "$(TEST_HOST)";
				CODE_SIGN_STYLE = Automatic;
				CURRENT_PROJECT_VERSION = 1;
				GENERATE_INFOPLIST_FILE = YES;
				IPHONEOS_DEPLOYMENT_TARGET = 17.2;
				MARKETING_VERSION = 1.0;
				PRODUCT_BUNDLE_IDENTIFIER = Banquemisr.WeatherAppTests;
				PRODUCT_NAME = "$(TARGET_NAME)";
				SWIFT_EMIT_LOC_STRINGS = NO;
				SWIFT_VERSION = 5.0;
				TARGETED_DEVICE_FAMILY = "1,2";
				TEST_HOST = "$(BUILT_PRODUCTS_DIR)/WeatherApp.app/$(BUNDLE_EXECUTABLE_FOLDER_PATH)/WeatherApp";
			};
			name = Release;
		};
		2653EA4A2D31A4010017082B /* Debug */ = {
			isa = XCBuildConfiguration;
			buildSettings = {
				ALWAYS_EMBED_SWIFT_STANDARD_LIBRARIES = YES;
				CODE_SIGN_STYLE = Automatic;
				CURRENT_PROJECT_VERSION = 1;
				GENERATE_INFOPLIST_FILE = YES;
				MARKETING_VERSION = 1.0;
				PRODUCT_BUNDLE_IDENTIFIER = Banquemisr.WeatherAppUITests;
				PRODUCT_NAME = "$(TARGET_NAME)";
				SWIFT_EMIT_LOC_STRINGS = NO;
				SWIFT_VERSION = 5.0;
				TARGETED_DEVICE_FAMILY = "1,2";
				TEST_TARGET_NAME = WeatherApp;
			};
			name = Debug;
		};
		2653EA4B2D31A4010017082B /* Release */ = {
			isa = XCBuildConfiguration;
			buildSettings = {
				ALWAYS_EMBED_SWIFT_STANDARD_LIBRARIES = YES;
				CODE_SIGN_STYLE = Automatic;
				CURRENT_PROJECT_VERSION = 1;
				GENERATE_INFOPLIST_FILE = YES;
				MARKETING_VERSION = 1.0;
				PRODUCT_BUNDLE_IDENTIFIER = Banquemisr.WeatherAppUITests;
				PRODUCT_NAME = "$(TARGET_NAME)";
				SWIFT_EMIT_LOC_STRINGS = NO;
				SWIFT_VERSION = 5.0;
				TARGETED_DEVICE_FAMILY = "1,2";
				TEST_TARGET_NAME = WeatherApp;
			};
			name = Release;
		};
/* End XCBuildConfiguration section */

/* Begin XCConfigurationList section */
		2653EA142D31A3FE0017082B /* Build configuration list for PBXProject "WeatherApp" */ = {
			isa = XCConfigurationList;
			buildConfigurations = (
				2653EA412D31A4010017082B /* Debug */,
				2653EA422D31A4010017082B /* Release */,
			);
			defaultConfigurationIsVisible = 0;
			defaultConfigurationName = Release;
		};
		2653EA432D31A4010017082B /* Build configuration list for PBXNativeTarget "WeatherApp" */ = {
			isa = XCConfigurationList;
			buildConfigurations = (
				2653EA442D31A4010017082B /* Debug */,
				2653EA452D31A4010017082B /* Release */,
			);
			defaultConfigurationIsVisible = 0;
			defaultConfigurationName = Release;
		};
		2653EA462D31A4010017082B /* Build configuration list for PBXNativeTarget "WeatherAppTests" */ = {
			isa = XCConfigurationList;
			buildConfigurations = (
				2653EA472D31A4010017082B /* Debug */,
				2653EA482D31A4010017082B /* Release */,
			);
			defaultConfigurationIsVisible = 0;
			defaultConfigurationName = Release;
		};
		2653EA492D31A4010017082B /* Build configuration list for PBXNativeTarget "WeatherAppUITests" */ = {
			isa = XCConfigurationList;
			buildConfigurations = (
				2653EA4A2D31A4010017082B /* Debug */,
				2653EA4B2D31A4010017082B /* Release */,
			);
			defaultConfigurationIsVisible = 0;
			defaultConfigurationName = Release;
		};
/* End XCConfigurationList section */
	};
	rootObject = 2653EA112D31A3FE0017082B /* Project object */;
}
